PODS:
  - AFNetworking (4.0.1):
    - AFNetworking/NSURLSession (= 4.0.1)
    - AFNetworking/Reachability (= 4.0.1)
    - AFNetworking/Security (= 4.0.1)
    - AFNetworking/Serialization (= 4.0.1)
    - AFNetworking/UIKit (= 4.0.1)
  - AFNetworking/NSURLSession (4.0.1):
    - AFNetworking/Reachability
    - AFNetworking/Security
    - AFNetworking/Serialization
  - AFNetworking/Reachability (4.0.1)
  - AFNetworking/Security (4.0.1)
  - AFNetworking/Serialization (4.0.1)
  - AFNetworking/UIKit (4.0.1):
    - AFNetworking/NSURLSession
  - kotlin_library (1.0):
    - AFNetworking

DEPENDENCIES:
  - kotlin_library (from `../kotlin-library`)

SPEC REPOS:
  trunk:
    - AFNetworking

EXTERNAL SOURCES:
  kotlin_library:
    :path: "../kotlin-library"

SPEC CHECKSUMS:
  AFNetworking: 7864c38297c79aaca1500c33288e429c3451fdce
  kotlin_library: b6d8dae002e1a286db3be794c1364c869b664745

PODFILE CHECKSUM: 76f8783b0d95ee2ea3c385badc6d5b3bd22737ac

COCOAPODS: 1.9.3
